
Microsoft Visual Studio Solution File, Format Version 12.00
# Visual Studio Version 16
VisualStudioVersion = 16.0.30114.105
MinimumVisualStudioVersion = 10.0.40219.1
Project("{FAE04EC0-301F-11D3-BF4B-00C04F79EFBC}") = "Wallpapers", "Wallpapers\Wallpapers.csproj", "{AE409A45-F2B6-4D69-A0D0-60A27CC6CA20}"
EndProject
Global
	GlobalSection(SolutionConfigurationPlatforms) = preSolution
		Debug|Any CPU = Debug|Any CPU
		Release|Any CPU = Release|Any CPU
	EndGlobalSection
	GlobalSection(ProjectConfigurationPlatforms) = postSolution
		{AE409A45-F2B6-4D69-A0D0-60A27CC6CA20}.Debug|Any CPU.ActiveCfg = Debug|Any CPU
		{AE409A45-F2B6-4D69-A0D0-60A27CC6CA20}.Debug|Any CPU.Build.0 = Debug|Any CPU
		{AE409A45-F2B6-4D69-A0D0-60A27CC6CA20}.Release|Any CPU.ActiveCfg = Release|Any CPU
		{AE409A45-F2B6-4D69-A0D0-60A27CC6CA20}.Release|Any CPU.Build.0 = Release|Any CPU
	EndGlobalSection
	GlobalSection(SolutionProperties) = preSolution
		HideSolutionNode = FALSE
	EndGlobalSection
	GlobalSection(ExtensibilityGlobals) = postSolution
		SolutionGuid = {5FAB40DD-8A28-4881-9209-02D29CD16F47}
	EndGlobalSection
EndGlobal
